
Microsoft Visual Studio Solution File, Format Version 12.00
# Visual Studio 15
VisualStudioVersion = 15.0.28010.2041
MinimumVisualStudioVersion = 10.0.40219.1
Project("{FAE04EC0-301F-11D3-BF4B-00C04F79EFBC}") = "RideOnBike", "RideOnBike\RideOnBike.csproj", "{A85B350F-7CEC-4227-9764-83978CD70EAA}"
EndProject
Project("{FAE04EC0-301F-11D3-BF4B-00C04F79EFBC}") = "UnitTests", "UnitTests\UnitTests.csproj", "{B665C1D5-6B59-48F1-A9B0-B27379992D41}"
EndProject
Global
	GlobalSection(SolutionConfigurationPlatforms) = preSolution
		Debug|Any CPU = Debug|Any CPU
		Release|Any CPU = Release|Any CPU
	EndGlobalSection
	GlobalSection(ProjectConfigurationPlatforms) = postSolution
		{A85B350F-7CEC-4227-9764-83978CD70EAA}.Debug|Any CPU.ActiveCfg = Debug|Any CPU
		{A85B350F-7CEC-4227-9764-83978CD70EAA}.Debug|Any CPU.Build.0 = Debug|Any CPU
		{A85B350F-7CEC-4227-9764-83978CD70EAA}.Release|Any CPU.ActiveCfg = Release|Any CPU
		{A85B350F-7CEC-4227-9764-83978CD70EAA}.Release|Any CPU.Build.0 = Release|Any CPU
		{B665C1D5-6B59-48F1-A9B0-B27379992D41}.Debug|Any CPU.ActiveCfg = Debug|Any CPU
		{B665C1D5-6B59-48F1-A9B0-B27379992D41}.Debug|Any CPU.Build.0 = Debug|Any CPU
		{B665C1D5-6B59-48F1-A9B0-B27379992D41}.Release|Any CPU.ActiveCfg = Release|Any CPU
		{B665C1D5-6B59-48F1-A9B0-B27379992D41}.Release|Any CPU.Build.0 = Release|Any CPU
	EndGlobalSection
	GlobalSection(SolutionProperties) = preSolution
		HideSolutionNode = FALSE
	EndGlobalSection
	GlobalSection(ExtensibilityGlobals) = postSolution
		SolutionGuid = {C5A0EC8F-C314-4A93-B45F-2E59BABB1629}
	EndGlobalSection
EndGlobal
